
Microsoft Visual Studio Solution File, Format Version 12.00
# Visual Studio 14
VisualStudioVersion = 14.0.25420.1
MinimumVisualStudioVersion = 10.0.40219.1
Project("{FAE04EC0-301F-11D3-BF4B-00C04F79EFBC}") = "HBus", "HBus\HBus.csproj", "{1F73C73A-3DC6-4C48-AB65-D392529ADE87}"
EndProject
Project("{FAE04EC0-301F-11D3-BF4B-00C04F79EFBC}") = "HBus.Node", "HBus.Node\HBus.Node.csproj", "{510430FD-FF97-4212-8092-8E2D02DC10BF}"
EndProject
Project("{FAE04EC0-301F-11D3-BF4B-00C04F79EFBC}") = "HBus.Node.Console", "HBus.Node.Console\HBus.Node.Console.csproj", "{22066B88-3739-4A77-9502-FBB20253B52E}"
EndProject
Project("{FAE04EC0-301F-11D3-BF4B-00C04F79EFBC}") = "HBus.Server", "HBus.Server\HBus.Server.csproj", "{0753529F-0C26-4B54-83B5-ABA4AD16C27F}"
EndProject
Project("{2150E333-8FDC-42A3-9474-1A3956D46DE8}") = "Solution Items", "Solution Items", "{D7A72943-3A03-4448-9CDE-2C03C96258D0}"
	ProjectSection(SolutionItems) = preProject
		README.md = README.md
	EndProjectSection
EndProject
Global
	GlobalSection(SolutionConfigurationPlatforms) = preSolution
		Debug|Any CPU = Debug|Any CPU
		Debug|x86 = Debug|x86
		Release|Any CPU = Release|Any CPU
		Release|x86 = Release|x86
	EndGlobalSection
	GlobalSection(ProjectConfigurationPlatforms) = postSolution
		{1F73C73A-3DC6-4C48-AB65-D392529ADE87}.Debug|Any CPU.ActiveCfg = Debug|Any CPU
		{1F73C73A-3DC6-4C48-AB65-D392529ADE87}.Debug|Any CPU.Build.0 = Debug|Any CPU
		{1F73C73A-3DC6-4C48-AB65-D392529ADE87}.Debug|x86.ActiveCfg = Debug|Any CPU
		{1F73C73A-3DC6-4C48-AB65-D392529ADE87}.Debug|x86.Build.0 = Debug|Any CPU
		{1F73C73A-3DC6-4C48-AB65-D392529ADE87}.Release|Any CPU.ActiveCfg = Release|Any CPU
		{1F73C73A-3DC6-4C48-AB65-D392529ADE87}.Release|Any CPU.Build.0 = Release|Any CPU
		{1F73C73A-3DC6-4C48-AB65-D392529ADE87}.Release|x86.ActiveCfg = Release|Any CPU
		{1F73C73A-3DC6-4C48-AB65-D392529ADE87}.Release|x86.Build.0 = Release|Any CPU
		{510430FD-FF97-4212-8092-8E2D02DC10BF}.Debug|Any CPU.ActiveCfg = Debug|Any CPU
		{510430FD-FF97-4212-8092-8E2D02DC10BF}.Debug|Any CPU.Build.0 = Debug|Any CPU
		{510430FD-FF97-4212-8092-8E2D02DC10BF}.Debug|x86.ActiveCfg = Debug|x86
		{510430FD-FF97-4212-8092-8E2D02DC10BF}.Debug|x86.Build.0 = Debug|x86
		{510430FD-FF97-4212-8092-8E2D02DC10BF}.Release|Any CPU.ActiveCfg = Release|Any CPU
		{510430FD-FF97-4212-8092-8E2D02DC10BF}.Release|Any CPU.Build.0 = Release|Any CPU
		{510430FD-FF97-4212-8092-8E2D02DC10BF}.Release|x86.ActiveCfg = Release|x86
		{510430FD-FF97-4212-8092-8E2D02DC10BF}.Release|x86.Build.0 = Release|x86
		{22066B88-3739-4A77-9502-FBB20253B52E}.Debug|Any CPU.ActiveCfg = Debug|Any CPU
		{22066B88-3739-4A77-9502-FBB20253B52E}.Debug|Any CPU.Build.0 = Debug|Any CPU
		{22066B88-3739-4A77-9502-FBB20253B52E}.Debug|x86.ActiveCfg = Debug|Any CPU
		{22066B88-3739-4A77-9502-FBB20253B52E}.Debug|x86.Build.0 = Debug|Any CPU
		{22066B88-3739-4A77-9502-FBB20253B52E}.Release|Any CPU.ActiveCfg = Release|Any CPU
		{22066B88-3739-4A77-9502-FBB20253B52E}.Release|Any CPU.Build.0 = Release|Any CPU
		{22066B88-3739-4A77-9502-FBB20253B52E}.Release|x86.ActiveCfg = Release|Any CPU
		{22066B88-3739-4A77-9502-FBB20253B52E}.Release|x86.Build.0 = Release|Any CPU
		{0753529F-0C26-4B54-83B5-ABA4AD16C27F}.Debug|Any CPU.ActiveCfg = Debug|Any CPU
		{0753529F-0C26-4B54-83B5-ABA4AD16C27F}.Debug|Any CPU.Build.0 = Debug|Any CPU
		{0753529F-0C26-4B54-83B5-ABA4AD16C27F}.Debug|x86.ActiveCfg = Debug|Any CPU
		{0753529F-0C26-4B54-83B5-ABA4AD16C27F}.Debug|x86.Build.0 = Debug|Any CPU
		{0753529F-0C26-4B54-83B5-ABA4AD16C27F}.Release|Any CPU.ActiveCfg = Release|Any CPU
		{0753529F-0C26-4B54-83B5-ABA4AD16C27F}.Release|Any CPU.Build.0 = Release|Any CPU
		{0753529F-0C26-4B54-83B5-ABA4AD16C27F}.Release|x86.ActiveCfg = Release|Any CPU
		{0753529F-0C26-4B54-83B5-ABA4AD16C27F}.Release|x86.Build.0 = Release|Any CPU
	EndGlobalSection
	GlobalSection(SolutionProperties) = preSolution
		HideSolutionNode = FALSE
	EndGlobalSection
EndGlobal
